
Microsoft Visual Studio Solution File, Format Version 12.00
# Visual Studio Version 16
VisualStudioVersion = 16.0.30621.155
MinimumVisualStudioVersion = 10.0.40219.1
Project("{FAE04EC0-301F-11D3-BF4B-00C04F79EFBC}") = "ReportTesting", "ReportTesting\ReportTesting.csproj", "{DA4D2617-53FB-4801-A511-56B9F7B7D9F9}"
EndProject
Global
	GlobalSection(SolutionConfigurationPlatforms) = preSolution
		Debug|Any CPU = Debug|Any CPU
		Release|Any CPU = Release|Any CPU
	EndGlobalSection
	GlobalSection(ProjectConfigurationPlatforms) = postSolution
		{DA4D2617-53FB-4801-A511-56B9F7B7D9F9}.Debug|Any CPU.ActiveCfg = Debug|Any CPU
		{DA4D2617-53FB-4801-A511-56B9F7B7D9F9}.Debug|Any CPU.Build.0 = Debug|Any CPU
		{DA4D2617-53FB-4801-A511-56B9F7B7D9F9}.Release|Any CPU.ActiveCfg = Release|Any CPU
		{DA4D2617-53FB-4801-A511-56B9F7B7D9F9}.Release|Any CPU.Build.0 = Release|Any CPU
	EndGlobalSection
	GlobalSection(SolutionProperties) = preSolution
		HideSolutionNode = FALSE
	EndGlobalSection
	GlobalSection(ExtensibilityGlobals) = postSolution
		SolutionGuid = {7FFF1DF6-CD4F-4630-850F-11809F4C34A4}
	EndGlobalSection
EndGlobal
